
Microsoft Visual Studio Solution File, Format Version 12.00
# Visual Studio Version 17
VisualStudioVersion = 17.2.32602.215
MinimumVisualStudioVersion = 10.0.40219.1
Project("{FAE04EC0-301F-11D3-BF4B-00C04F79EFBC}") = "RethinkFirstCodingChallenge", "RethinkFirstCodingChallenge\RethinkFirstCodingChallenge.csproj", "{C4623A90-4970-43A5-AD17-DC7345B15226}"
EndProject
Global
	GlobalSection(SolutionConfigurationPlatforms) = preSolution
		Debug|Any CPU = Debug|Any CPU
		Release|Any CPU = Release|Any CPU
	EndGlobalSection
	GlobalSection(ProjectConfigurationPlatforms) = postSolution
		{C4623A90-4970-43A5-AD17-DC7345B15226}.Debug|Any CPU.ActiveCfg = Debug|Any CPU
		{C4623A90-4970-43A5-AD17-DC7345B15226}.Debug|Any CPU.Build.0 = Debug|Any CPU
		{C4623A90-4970-43A5-AD17-DC7345B15226}.Release|Any CPU.ActiveCfg = Release|Any CPU
		{C4623A90-4970-43A5-AD17-DC7345B15226}.Release|Any CPU.Build.0 = Release|Any CPU
	EndGlobalSection
	GlobalSection(SolutionProperties) = preSolution
		HideSolutionNode = FALSE
	EndGlobalSection
	GlobalSection(ExtensibilityGlobals) = postSolution
		SolutionGuid = {5B2F92BB-9388-4938-B6B4-7077B470383D}
	EndGlobalSection
EndGlobal
